// !$*UTF8*$!
{
	archiveVersion = 1;
	classes = {
	};
	objectVersion = 51;
	objects = {

/* Begin PBXBuildFile section */
		0AA8564321A1855F00B8F4C0 /* main.cpp in Sources */ = {isa = PBXBuildFile; fileRef = 0AA8564221A1855F00B8F4C0 /* main.cpp */; };
		0AA8564E21A188DF00B8F4C0 /* libopencv_highgui.3.4.3.dylib in Frameworks */ = {isa = PBXBuildFile; fileRef = 0AA8564A21A187AD00B8F4C0 /* libopencv_highgui.3.4.3.dylib */; };
		0AA8565021A1898D00B8F4C0 /* libopencv_core.3.4.3.dylib in Frameworks */ = {isa = PBXBuildFile; fileRef = 0AA8564F21A1898D00B8F4C0 /* libopencv_core.3.4.3.dylib */; };
		0AA8565221A189E600B8F4C0 /* libopencv_imgproc.3.4.3.dylib in Frameworks */ = {isa = PBXBuildFile; fileRef = 0AA8565121A189E600B8F4C0 /* libopencv_imgproc.3.4.3.dylib */; };
		0AA8565621A74BDD00B8F4C0 /* libopencv_imgcodecs.3.4.3.dylib in Frameworks */ = {isa = PBXBuildFile; fileRef = 0AA8565521A74BDD00B8F4C0 /* libopencv_imgcodecs.3.4.3.dylib */; };
		0AA8565721A74DAF00B8F4C0 /* libopencv_objdetect.3.4.3.dylib in Frameworks */ = {isa = PBXBuildFile; fileRef = 0AA8565321A1A45C00B8F4C0 /* libopencv_objdetect.3.4.3.dylib */; };
/* End PBXBuildFile section */

/* Begin PBXCopyFilesBuildPhase section */
		0AA8563D21A1855F00B8F4C0 /* Copy Files */ = {
			isa = PBXCopyFilesBuildPhase;
			buildActionMask = 2147483647;
			dstPath = /usr/share/man/man1/;
			dstSubfolderSpec = 0;
			files = (
			);
			name = "Copy Files";
			runOnlyForDeploymentPostprocessing = 1;
		};
/* End PBXCopyFilesBuildPhase section */

/* Begin PBXFileReference section */
		0AA8563F21A1855F00B8F4C0 /* evalfocus */ = {isa = PBXFileReference; explicitFileType = "compiled.mach-o.executable"; includeInIndex = 0; path = evalfocus; sourceTree = BUILT_PRODUCTS_DIR; };
		0AA8564221A1855F00B8F4C0 /* main.cpp */ = {isa = PBXFileReference; lastKnownFileType = sourcecode.cpp.cpp; path = main.cpp; sourceTree = "<group>"; };
		0AA8564A21A187AD00B8F4C0 /* libopencv_highgui.3.4.3.dylib */ = {isa = PBXFileReference; lastKnownFileType = "compiled.mach-o.dylib"; name = libopencv_highgui.3.4.3.dylib; path = ../../../../opt/local/lib/libopencv_highgui.3.4.3.dylib; sourceTree = "<group>"; };
		0AA8564C21A1887D00B8F4C0 /* lib */ = {isa = PBXFileReference; lastKnownFileType = folder; name = lib; path = ../../../../opt/local/lib; sourceTree = "<group>"; };
		0AA8564F21A1898D00B8F4C0 /* libopencv_core.3.4.3.dylib */ = {isa = PBXFileReference; lastKnownFileType = "compiled.mach-o.dylib"; name = libopencv_core.3.4.3.dylib; path = ../../../../opt/local/lib/libopencv_core.3.4.3.dylib; sourceTree = "<group>"; };
		0AA8565121A189E600B8F4C0 /* libopencv_imgproc.3.4.3.dylib */ = {isa = PBXFileReference; lastKnownFileType = "compiled.mach-o.dylib"; name = libopencv_imgproc.3.4.3.dylib; path = ../../../../opt/local/lib/libopencv_imgproc.3.4.3.dylib; sourceTree = "<group>"; };
		0AA8565321A1A45C00B8F4C0 /* libopencv_objdetect.3.4.3.dylib */ = {isa = PBXFileReference; lastKnownFileType = "compiled.mach-o.dylib"; name = libopencv_objdetect.3.4.3.dylib; path = ../../../../opt/local/lib/libopencv_objdetect.3.4.3.dylib; sourceTree = "<group>"; };
		0AA8565521A74BDD00B8F4C0 /* libopencv_imgcodecs.3.4.3.dylib */ = {isa = PBXFileReference; lastKnownFileType = "compiled.mach-o.dylib"; name = libopencv_imgcodecs.3.4.3.dylib; path = ../../../../opt/local/lib/libopencv_imgcodecs.3.4.3.dylib; sourceTree = "<group>"; };
/* End PBXFileReference section */

/* Begin PBXFrameworksBuildPhase section */
		0AA8563C21A1855F00B8F4C0 /* Frameworks */ = {
			isa = PBXFrameworksBuildPhase;
			buildActionMask = 2147483647;
			files = (
				0AA8565721A74DAF00B8F4C0 /* libopencv_objdetect.3.4.3.dylib in Frameworks */,
				0AA8565621A74BDD00B8F4C0 /* libopencv_imgcodecs.3.4.3.dylib in Frameworks */,
				0AA8565221A189E600B8F4C0 /* libopencv_imgproc.3.4.3.dylib in Frameworks */,
				0AA8565021A1898D00B8F4C0 /* libopencv_core.3.4.3.dylib in Frameworks */,
				0AA8564E21A188DF00B8F4C0 /* libopencv_highgui.3.4.3.dylib in Frameworks */,
			);
			runOnlyForDeploymentPostprocessing = 0;
		};
/* End PBXFrameworksBuildPhase section */

/* Begin PBXGroup section */
		0AA8563621A1855F00B8F4C0 = {
			isa = PBXGroup;
			children = (
				0AA8564121A1855F00B8F4C0 /* evalfocus */,
				0AA8564021A1855F00B8F4C0 /* Products */,
				0AA8564921A187AD00B8F4C0 /* Frameworks */,
			);
			sourceTree = "<group>";
		};
		0AA8564021A1855F00B8F4C0 /* Products */ = {
			isa = PBXGroup;
			children = (
				0AA8563F21A1855F00B8F4C0 /* evalfocus */,
			);
			name = Products;
			sourceTree = "<group>";
		};
		0AA8564121A1855F00B8F4C0 /* evalfocus */ = {
			isa = PBXGroup;
			children = (
				0AA8564221A1855F00B8F4C0 /* main.cpp */,
			);
			path = evalfocus;
			sourceTree = "<group>";
		};
		0AA8564921A187AD00B8F4C0 /* Frameworks */ = {
			isa = PBXGroup;
			children = (
				0AA8565521A74BDD00B8F4C0 /* libopencv_imgcodecs.3.4.3.dylib */,
				0AA8565321A1A45C00B8F4C0 /* libopencv_objdetect.3.4.3.dylib */,
				0AA8565121A189E600B8F4C0 /* libopencv_imgproc.3.4.3.dylib */,
				0AA8564F21A1898D00B8F4C0 /* libopencv_core.3.4.3.dylib */,
				0AA8564C21A1887D00B8F4C0 /* lib */,
				0AA8564A21A187AD00B8F4C0 /* libopencv_highgui.3.4.3.dylib */,
			);
			name = Frameworks;
			sourceTree = "<group>";
		};
/* End PBXGroup section */

/* Begin PBXNativeTarget section */
		0AA8563E21A1855F00B8F4C0 /* evalfocus */ = {
			isa = PBXNativeTarget;
			buildConfigurationList = 0AA8564621A1855F00B8F4C0 /* Build configuration list for PBXNativeTarget "evalfocus" */;
			buildPhases = (
				0AA8563B21A1855F00B8F4C0 /* Sources */,
				0AA8563C21A1855F00B8F4C0 /* Frameworks */,
				0AA8563D21A1855F00B8F4C0 /* Copy Files */,
			);
			buildRules = (
			);
			dependencies = (
			);
			name = evalfocus;
			productName = evalfocus;
			productReference = 0AA8563F21A1855F00B8F4C0 /* evalfocus */;
			productType = "com.apple.product-type.tool";
		};
/* End PBXNativeTarget section */

/* Begin PBXProject section */
		0AA8563721A1855F00B8F4C0 /* Project object */ = {
			isa = PBXProject;
			attributes = {
				LastUpgradeCheck = 1010;
				ORGANIZATIONNAME = "ruffles inc.";
				TargetAttributes = {
					0AA8563E21A1855F00B8F4C0 = {
						CreatedOnToolsVersion = 10.1;
					};
				};
			};
			buildConfigurationList = 0AA8563A21A1855F00B8F4C0 /* Build configuration list for PBXProject "evalfocus" */;
			compatibilityVersion = "Xcode 10.0";
			developmentRegion = en;
			hasScannedForEncodings = 0;
			knownRegions = (
				en,
			);
			mainGroup = 0AA8563621A1855F00B8F4C0;
			productRefGroup = 0AA8564021A1855F00B8F4C0 /* Products */;
			projectDirPath = "";
			projectRoot = "";
			targets = (
				0AA8563E21A1855F00B8F4C0 /* evalfocus */,
			);
		};
/* End PBXProject section */

/* Begin PBXSourcesBuildPhase section */
		0AA8563B21A1855F00B8F4C0 /* Sources */ = {
			isa = PBXSourcesBuildPhase;
			buildActionMask = 2147483647;
			files = (
				0AA8564321A1855F00B8F4C0 /* main.cpp in Sources */,
			);
			runOnlyForDeploymentPostprocessing = 0;
		};
/* End PBXSourcesBuildPhase section */

/* Begin XCBuildConfiguration section */
		0AA8564421A1855F00B8F4C0 /* Debug */ = {
			isa = XCBuildConfiguration;
			buildSettings = {
				ALWAYS_SEARCH_USER_PATHS = NO;
				CLANG_ANALYZER_NONNULL = YES;
				CLANG_ANALYZER_NUMBER_OBJECT_CONVERSION = YES_AGGRESSIVE;
				CLANG_CXX_LANGUAGE_STANDARD = "gnu++14";
				CLANG_CXX_LIBRARY = "libc++";
				CLANG_ENABLE_MODULES = YES;
				CLANG_ENABLE_OBJC_ARC = YES;
				CLANG_ENABLE_OBJC_WEAK = YES;
				CLANG_WARN_BLOCK_CAPTURE_AUTORELEASING = YES;
				CLANG_WARN_BOOL_CONVERSION = YES;
				CLANG_WARN_COMMA = YES;
				CLANG_WARN_CONSTANT_CONVERSION = YES;
				CLANG_WARN_DEPRECATED_OBJC_IMPLEMENTATIONS = YES;
				CLANG_WARN_DIRECT_OBJC_ISA_USAGE = YES_ERROR;
				CLANG_WARN_DOCUMENTATION_COMMENTS = YES;
				CLANG_WARN_EMPTY_BODY = YES;
				CLANG_WARN_ENUM_CONVERSION = YES;
				CLANG_WARN_INFINITE_RECURSION = YES;
				CLANG_WARN_INT_CONVERSION = YES;
				CLANG_WARN_NON_LITERAL_NULL_CONVERSION = YES;
				CLANG_WARN_OBJC_IMPLICIT_RETAIN_SELF = YES;
				CLANG_WARN_OBJC_LITERAL_CONVERSION = YES;
				CLANG_WARN_OBJC_ROOT_CLASS = YES_ERROR;
				CLANG_WARN_RANGE_LOOP_ANALYSIS = YES;
				CLANG_WARN_STRICT_PROTOTYPES = YES;
				CLANG_WARN_SUSPICIOUS_MOVE = YES;
				CLANG_WARN_UNGUARDED_AVAILABILITY = YES_AGGRESSIVE;
				CLANG_WARN_UNREACHABLE_CODE = YES;
				CLANG_WARN__DUPLICATE_METHOD_MATCH = YES;
				CODE_SIGN_IDENTITY = "Mac Developer";
				COPY_PHASE_STRIP = NO;
				DEBUG_INFORMATION_FORMAT = dwarf;
				ENABLE_STRICT_OBJC_MSGSEND = YES;
				ENABLE_TESTABILITY = YES;
				GCC_C_LANGUAGE_STANDARD = gnu11;
				GCC_DYNAMIC_NO_PIC = NO;
				GCC_NO_COMMON_BLOCKS = YES;
				GCC_OPTIMIZATION_LEVEL = 0;
				GCC_PREPROCESSOR_DEFINITIONS = (
					"DEBUG=1",
					"$(inherited)",
				);
				GCC_WARN_64_TO_32_BIT_CONVERSION = YES;
				GCC_WARN_ABOUT_RETURN_TYPE = YES_ERROR;
				GCC_WARN_UNDECLARED_SELECTOR = YES;
				GCC_WARN_UNINITIALIZED_AUTOS = YES_AGGRESSIVE;
				GCC_WARN_UNUSED_FUNCTION = YES;
				GCC_WARN_UNUSED_VARIABLE = YES;
				MACOSX_DEPLOYMENT_TARGET = 10.14;
				MTL_ENABLE_DEBUG_INFO = INCLUDE_SOURCE;
				MTL_FAST_MATH = YES;
				ONLY_ACTIVE_ARCH = YES;
				SDKROOT = macosx;
			};
			name = Debug;
		};
		0AA8564521A1855F00B8F4C0 /* Release */ = {
			isa = XCBuildConfiguration;
			buildSettings = {
				ALWAYS_SEARCH_USER_PATHS = NO;
				CLANG_ANALYZER_NONNULL = YES;
				CLANG_ANALYZER_NUMBER_OBJECT_CONVERSION = YES_AGGRESSIVE;
				CLANG_CXX_LANGUAGE_STANDARD = "gnu++14";
				CLANG_CXX_LIBRARY = "libc++";
				CLANG_ENABLE_MODULES = YES;
				CLANG_ENABLE_OBJC_ARC = YES;
				CLANG_ENABLE_OBJC_WEAK = YES;
				CLANG_WARN_BLOCK_CAPTURE_AUTORELEASING = YES;
				CLANG_WARN_BOOL_CONVERSION = YES;
				CLANG_WARN_COMMA = YES;
				CLANG_WARN_CONSTANT_CONVERSION = YES;
				CLANG_WARN_DEPRECATED_OBJC_IMPLEMENTATIONS = YES;
				CLANG_WARN_DIRECT_OBJC_ISA_USAGE = YES_ERROR;
				CLANG_WARN_DOCUMENTATION_COMMENTS = YES;
				CLANG_WARN_EMPTY_BODY = YES;
				CLANG_WARN_ENUM_CONVERSION = YES;
				CLANG_WARN_INFINITE_RECURSION = YES;
				CLANG_WARN_INT_CONVERSION = YES;
				CLANG_WARN_NON_LITERAL_NULL_CONVERSION = YES;
				CLANG_WARN_OBJC_IMPLICIT_RETAIN_SELF = YES;
				CLANG_WARN_OBJC_LITERAL_CONVERSION = YES;
				CLANG_WARN_OBJC_ROOT_CLASS = YES_ERROR;
				CLANG_WARN_RANGE_LOOP_ANALYSIS = YES;
				CLANG_WARN_STRICT_PROTOTYPES = YES;
				CLANG_WARN_SUSPICIOUS_MOVE = YES;
				CLANG_WARN_UNGUARDED_AVAILABILITY = YES_AGGRESSIVE;
				CLANG_WARN_UNREACHABLE_CODE = YES;
				CLANG_WARN__DUPLICATE_METHOD_MATCH = YES;
				CODE_SIGN_IDENTITY = "Mac Developer";
				COPY_PHASE_STRIP = NO;
				DEBUG_INFORMATION_FORMAT = "dwarf-with-dsym";
				ENABLE_NS_ASSERTIONS = NO;
				ENABLE_STRICT_OBJC_MSGSEND = YES;
				GCC_C_LANGUAGE_STANDARD = gnu11;
				GCC_NO_COMMON_BLOCKS = YES;
				GCC_WARN_64_TO_32_BIT_CONVERSION = YES;
				GCC_WARN_ABOUT_RETURN_TYPE = YES_ERROR;
				GCC_WARN_UNDECLARED_SELECTOR = YES;
				GCC_WARN_UNINITIALIZED_AUTOS = YES_AGGRESSIVE;
				GCC_WARN_UNUSED_FUNCTION = YES;
				GCC_WARN_UNUSED_VARIABLE = YES;
				MACOSX_DEPLOYMENT_TARGET = 10.14;
				MTL_ENABLE_DEBUG_INFO = NO;
				MTL_FAST_MATH = YES;
				SDKROOT = macosx;
			};
			name = Release;
		};
		0AA8564721A1855F00B8F4C0 /* Debug */ = {
			isa = XCBuildConfiguration;
			buildSettings = {
				CODE_SIGN_STYLE = Automatic;
				DEVELOPMENT_TEAM = DZUEVJ5GD7;
				HEADER_SEARCH_PATHS = /opt/local/include;
				LIBRARY_SEARCH_PATHS = /opt/local/lib;
				MACOSX_DEPLOYMENT_TARGET = 10.14;
				OTHER_CFLAGS = "";
				OTHER_LDFLAGS = "";
				PRODUCT_NAME = "$(TARGET_NAME)";
				VALID_ARCHS = x86_64;
			};
			name = Debug;
		};
		0AA8564821A1855F00B8F4C0 /* Release */ = {
			isa = XCBuildConfiguration;
			buildSettings = {
				CODE_SIGN_STYLE = Automatic;
				DEVELOPMENT_TEAM = DZUEVJ5GD7;
				HEADER_SEARCH_PATHS = /opt/local/include;
				LIBRARY_SEARCH_PATHS = /opt/local/lib;
				MACOSX_DEPLOYMENT_TARGET = 10.14;
				OTHER_CFLAGS = "";
				OTHER_LDFLAGS = "";
				PRODUCT_NAME = "$(TARGET_NAME)";
				VALID_ARCHS = x86_64;
			};
			name = Release;
		};
/* End XCBuildConfiguration section */

/* Begin XCConfigurationList section */
		0AA8563A21A1855F00B8F4C0 /* Build configuration list for PBXProject "evalfocus" */ = {
			isa = XCConfigurationList;
			buildConfigurations = (
				0AA8564421A1855F00B8F4C0 /* Debug */,
				0AA8564521A1855F00B8F4C0 /* Release */,
			);
			defaultConfigurationIsVisible = 0;
			defaultConfigurationName = Release;
		};
		0AA8564621A1855F00B8F4C0 /* Build configuration list for PBXNativeTarget "evalfocus" */ = {
			isa = XCConfigurationList;
			buildConfigurations = (
				0AA8564721A1855F00B8F4C0 /* Debug */,
				0AA8564821A1855F00B8F4C0 /* Release */,
			);
			defaultConfigurationIsVisible = 0;
			defaultConfigurationName = Release;
		};
/* End XCConfigurationList section */
	};
	rootObject = 0AA8563721A1855F00B8F4C0 /* Project object */;
}
